
Microsoft Visual Studio Solution File, Format Version 12.00
# Visual Studio Version 17
VisualStudioVersion = 17.12.35527.113 d17.12
MinimumVisualStudioVersion = 10.0.40219.1
Project("{FAE04EC0-301F-11D3-BF4B-00C04F79EFBC}") = "ejercicio evaluable", "ejercicio evaluable\ejercicio evaluable.csproj", "{8667E5B2-C39F-4D8A-80A1-ECB1148FD8FE}"
EndProject
Project("{2150E333-8FDC-42A3-9474-1A3956D46DE8}") = "data", "data", "{589C0338-C60C-4F5B-A1A0-1945A5D7BB84}"
	ProjectSection(SolutionItems) = preProject
		ejercicio evaluable\conecte.cs = ejercicio evaluable\conecte.cs
	EndProjectSection
EndProject
Global
	GlobalSection(SolutionConfigurationPlatforms) = preSolution
		Debug|Any CPU = Debug|Any CPU
		Release|Any CPU = Release|Any CPU
	EndGlobalSection
	GlobalSection(ProjectConfigurationPlatforms) = postSolution
		{8667E5B2-C39F-4D8A-80A1-ECB1148FD8FE}.Debug|Any CPU.ActiveCfg = Debug|Any CPU
		{8667E5B2-C39F-4D8A-80A1-ECB1148FD8FE}.Debug|Any CPU.Build.0 = Debug|Any CPU
		{8667E5B2-C39F-4D8A-80A1-ECB1148FD8FE}.Release|Any CPU.ActiveCfg = Release|Any CPU
		{8667E5B2-C39F-4D8A-80A1-ECB1148FD8FE}.Release|Any CPU.Build.0 = Release|Any CPU
	EndGlobalSection
	GlobalSection(SolutionProperties) = preSolution
		HideSolutionNode = FALSE
	EndGlobalSection
EndGlobal
